// !$*UTF8*$!
{
	archiveVersion = 1;
	classes = {
	};
	objectVersion = 50;
	objects = {

/* Begin PBXBuildFile section */
		E5711CF326A5EACB0012B5C5 /* AppDelegate.swift in Sources */ = {isa = PBXBuildFile; fileRef = E5711CF226A5EACB0012B5C5 /* AppDelegate.swift */; };
		E5711CF526A5EACB0012B5C5 /* SceneDelegate.swift in Sources */ = {isa = PBXBuildFile; fileRef = E5711CF426A5EACB0012B5C5 /* SceneDelegate.swift */; };
		E5711CF726A5EACB0012B5C5 /* StartingViewController.swift in Sources */ = {isa = PBXBuildFile; fileRef = E5711CF626A5EACB0012B5C5 /* StartingViewController.swift */; };
		E5711CFA26A5EACB0012B5C5 /* Main.storyboard in Resources */ = {isa = PBXBuildFile; fileRef = E5711CF826A5EACB0012B5C5 /* Main.storyboard */; };
		E5711CFC26A5EAD20012B5C5 /* Assets.xcassets in Resources */ = {isa = PBXBuildFile; fileRef = E5711CFB26A5EAD20012B5C5 /* Assets.xcassets */; };
		E5711CFF26A5EAD20012B5C5 /* LaunchScreen.storyboard in Resources */ = {isa = PBXBuildFile; fileRef = E5711CFD26A5EAD20012B5C5 /* LaunchScreen.storyboard */; };
		E5711D0826A7348D0012B5C5 /* GameViewController.swift in Sources */ = {isa = PBXBuildFile; fileRef = E5711D0726A7348D0012B5C5 /* GameViewController.swift */; };
		E5711D0B26A7362B0012B5C5 /* Model.swift in Sources */ = {isa = PBXBuildFile; fileRef = E5711D0A26A7362B0012B5C5 /* Model.swift */; };
		E5711D0E26A73C800012B5C5 /* GameCollectionViewCell.swift in Sources */ = {isa = PBXBuildFile; fileRef = E5711D0C26A73C800012B5C5 /* GameCollectionViewCell.swift */; };
		E5711D0F26A73C800012B5C5 /* GameCollectionViewCell.xib in Resources */ = {isa = PBXBuildFile; fileRef = E5711D0D26A73C800012B5C5 /* GameCollectionViewCell.xib */; };
		E5711D1126A73DF00012B5C5 /* Data.swift in Sources */ = {isa = PBXBuildFile; fileRef = E5711D1026A73DF00012B5C5 /* Data.swift */; };
/* End PBXBuildFile section */

/* Begin PBXFileReference section */
		E5711CEF26A5EACB0012B5C5 /* CardGame.app */ = {isa = PBXFileReference; explicitFileType = wrapper.application; includeInIndex = 0; path = CardGame.app; sourceTree = BUILT_PRODUCTS_DIR; };
		E5711CF226A5EACB0012B5C5 /* AppDelegate.swift */ = {isa = PBXFileReference; lastKnownFileType = sourcecode.swift; path = AppDelegate.swift; sourceTree = "<group>"; };
		E5711CF426A5EACB0012B5C5 /* SceneDelegate.swift */ = {isa = PBXFileReference; lastKnownFileType = sourcecode.swift; path = SceneDelegate.swift; sourceTree = "<group>"; };
		E5711CF626A5EACB0012B5C5 /* StartingViewController.swift */ = {isa = PBXFileReference; lastKnownFileType = sourcecode.swift; path = StartingViewController.swift; sourceTree = "<group>"; };
		E5711CF926A5EACB0012B5C5 /* Base */ = {isa = PBXFileReference; lastKnownFileType = file.storyboard; name = Base; path = Base.lproj/Main.storyboard; sourceTree = "<group>"; };
		E5711CFB26A5EAD20012B5C5 /* Assets.xcassets */ = {isa = PBXFileReference; lastKnownFileType = folder.assetcatalog; path = Assets.xcassets; sourceTree = "<group>"; };
		E5711CFE26A5EAD20012B5C5 /* Base */ = {isa = PBXFileReference; lastKnownFileType = file.storyboard; name = Base; path = Base.lproj/LaunchScreen.storyboard; sourceTree = "<group>"; };
		E5711D0026A5EAD20012B5C5 /* Info.plist */ = {isa = PBXFileReference; lastKnownFileType = text.plist.xml; path = Info.plist; sourceTree = "<group>"; };
		E5711D0726A7348D0012B5C5 /* GameViewController.swift */ = {isa = PBXFileReference; lastKnownFileType = sourcecode.swift; path = GameViewController.swift; sourceTree = "<group>"; };
		E5711D0A26A7362B0012B5C5 /* Model.swift */ = {isa = PBXFileReference; lastKnownFileType = sourcecode.swift; path = Model.swift; sourceTree = "<group>"; };
		E5711D0C26A73C800012B5C5 /* GameCollectionViewCell.swift */ = {isa = PBXFileReference; lastKnownFileType = sourcecode.swift; path = GameCollectionViewCell.swift; sourceTree = "<group>"; };
		E5711D0D26A73C800012B5C5 /* GameCollectionViewCell.xib */ = {isa = PBXFileReference; lastKnownFileType = file.xib; path = GameCollectionViewCell.xib; sourceTree = "<group>"; };
		E5711D1026A73DF00012B5C5 /* Data.swift */ = {isa = PBXFileReference; lastKnownFileType = sourcecode.swift; path = Data.swift; sourceTree = "<group>"; };
/* End PBXFileReference section */

/* Begin PBXFrameworksBuildPhase section */
		E5711CEC26A5EACB0012B5C5 /* Frameworks */ = {
			isa = PBXFrameworksBuildPhase;
			buildActionMask = 2147483647;
			files = (
			);
			runOnlyForDeploymentPostprocessing = 0;
		};
/* End PBXFrameworksBuildPhase section */

/* Begin PBXGroup section */
		E5711CE626A5EACB0012B5C5 = {
			isa = PBXGroup;
			children = (
				E5711CF126A5EACB0012B5C5 /* CardGame */,
				E5711CF026A5EACB0012B5C5 /* Products */,
			);
			sourceTree = "<group>";
		};
		E5711CF026A5EACB0012B5C5 /* Products */ = {
			isa = PBXGroup;
			children = (
				E5711CEF26A5EACB0012B5C5 /* CardGame.app */,
			);
			name = Products;
			sourceTree = "<group>";
		};
		E5711CF126A5EACB0012B5C5 /* CardGame */ = {
			isa = PBXGroup;
			children = (
				E5711D1226A73E110012B5C5 /* Data */,
				E5711D0926A736150012B5C5 /* Model */,
				E5711D0626A5EFE70012B5C5 /* View */,
				E5711CF226A5EACB0012B5C5 /* AppDelegate.swift */,
				E5711CF426A5EACB0012B5C5 /* SceneDelegate.swift */,
				E5711CF826A5EACB0012B5C5 /* Main.storyboard */,
				E5711CFB26A5EAD20012B5C5 /* Assets.xcassets */,
				E5711CFD26A5EAD20012B5C5 /* LaunchScreen.storyboard */,
				E5711D0026A5EAD20012B5C5 /* Info.plist */,
			);
			path = CardGame;
			sourceTree = "<group>";
		};
		E5711D0626A5EFE70012B5C5 /* View */ = {
			isa = PBXGroup;
			children = (
				E5711CF626A5EACB0012B5C5 /* StartingViewController.swift */,
				E5711D0726A7348D0012B5C5 /* GameViewController.swift */,
				E5711D0C26A73C800012B5C5 /* GameCollectionViewCell.swift */,
				E5711D0D26A73C800012B5C5 /* GameCollectionViewCell.xib */,
			);
			path = View;
			sourceTree = "<group>";
		};
		E5711D0926A736150012B5C5 /* Model */ = {
			isa = PBXGroup;
			children = (
				E5711D0A26A7362B0012B5C5 /* Model.swift */,
			);
			path = Model;
			sourceTree = "<group>";
		};
		E5711D1226A73E110012B5C5 /* Data */ = {
			isa = PBXGroup;
			children = (
				E5711D1026A73DF00012B5C5 /* Data.swift */,
			);
			path = Data;
			sourceTree = "<group>";
		};
/* End PBXGroup section */

/* Begin PBXNativeTarget section */
		E5711CEE26A5EACB0012B5C5 /* CardGame */ = {
			isa = PBXNativeTarget;
			buildConfigurationList = E5711D0326A5EAD20012B5C5 /* Build configuration list for PBXNativeTarget "CardGame" */;
			buildPhases = (
				E5711CEB26A5EACB0012B5C5 /* Sources */,
				E5711CEC26A5EACB0012B5C5 /* Frameworks */,
				E5711CED26A5EACB0012B5C5 /* Resources */,
			);
			buildRules = (
			);
			dependencies = (
			);
			name = CardGame;
			productName = CardGame;
			productReference = E5711CEF26A5EACB0012B5C5 /* CardGame.app */;
			productType = "com.apple.product-type.application";
		};
/* End PBXNativeTarget section */

/* Begin PBXProject section */
		E5711CE726A5EACB0012B5C5 /* Project object */ = {
			isa = PBXProject;
			attributes = {
				LastSwiftUpdateCheck = 1250;
				LastUpgradeCheck = 1250;
				TargetAttributes = {
					E5711CEE26A5EACB0012B5C5 = {
						CreatedOnToolsVersion = 12.5;
					};
				};
			};
			buildConfigurationList = E5711CEA26A5EACB0012B5C5 /* Build configuration list for PBXProject "CardGame" */;
			compatibilityVersion = "Xcode 9.3";
			developmentRegion = en;
			hasScannedForEncodings = 0;
			knownRegions = (
				en,
				Base,
			);
			mainGroup = E5711CE626A5EACB0012B5C5;
			productRefGroup = E5711CF026A5EACB0012B5C5 /* Products */;
			projectDirPath = "";
			projectRoot = "";
			targets = (
				E5711CEE26A5EACB0012B5C5 /* CardGame */,
			);
		};
/* End PBXProject section */

/* Begin PBXResourcesBuildPhase section */
		E5711CED26A5EACB0012B5C5 /* Resources */ = {
			isa = PBXResourcesBuildPhase;
			buildActionMask = 2147483647;
			files = (
				E5711D0F26A73C800012B5C5 /* GameCollectionViewCell.xib in Resources */,
				E5711CFF26A5EAD20012B5C5 /* LaunchScreen.storyboard in Resources */,
				E5711CFC26A5EAD20012B5C5 /* Assets.xcassets in Resources */,
				E5711CFA26A5EACB0012B5C5 /* Main.storyboard in Resources */,
			);
			runOnlyForDeploymentPostprocessing = 0;
		};
/* End PBXResourcesBuildPhase section */

/* Begin PBXSourcesBuildPhase section */
		E5711CEB26A5EACB0012B5C5 /* Sources */ = {
			isa = PBXSourcesBuildPhase;
			buildActionMask = 2147483647;
			files = (
				E5711D1126A73DF00012B5C5 /* Data.swift in Sources */,
				E5711D0B26A7362B0012B5C5 /* Model.swift in Sources */,
				E5711D0826A7348D0012B5C5 /* GameViewController.swift in Sources */,
				E5711D0E26A73C800012B5C5 /* GameCollectionViewCell.swift in Sources */,
				E5711CF726A5EACB0012B5C5 /* StartingViewController.swift in Sources */,
				E5711CF326A5EACB0012B5C5 /* AppDelegate.swift in Sources */,
				E5711CF526A5EACB0012B5C5 /* SceneDelegate.swift in Sources */,
			);
			runOnlyForDeploymentPostprocessing = 0;
		};
/* End PBXSourcesBuildPhase section */

/* Begin PBXVariantGroup section */
		E5711CF826A5EACB0012B5C5 /* Main.storyboard */ = {
			isa = PBXVariantGroup;
			children = (
				E5711CF926A5EACB0012B5C5 /* Base */,
			);
			name = Main.storyboard;
			sourceTree = "<group>";
		};
		E5711CFD26A5EAD20012B5C5 /* LaunchScreen.storyboard */ = {
			isa = PBXVariantGroup;
			children = (
				E5711CFE26A5EAD20012B5C5 /* Base */,
			);
			name = LaunchScreen.storyboard;
			sourceTree = "<group>";
		};
/* End PBXVariantGroup section */

/* Begin XCBuildConfiguration section */
		E5711D0126A5EAD20012B5C5 /* Debug */ = {
			isa = XCBuildConfiguration;
			buildSettings = {
				ALWAYS_SEARCH_USER_PATHS = NO;
				CLANG_ANALYZER_NONNULL = YES;
				CLANG_ANALYZER_NUMBER_OBJECT_CONVERSION = YES_AGGRESSIVE;
				CLANG_CXX_LANGUAGE_STANDARD = "gnu++14";
				CLANG_CXX_LIBRARY = "libc++";
				CLANG_ENABLE_MODULES = YES;
				CLANG_ENABLE_OBJC_ARC = YES;
				CLANG_ENABLE_OBJC_WEAK = YES;
				CLANG_WARN_BLOCK_CAPTURE_AUTORELEASING = YES;
				CLANG_WARN_BOOL_CONVERSION = YES;
				CLANG_WARN_COMMA = YES;
				CLANG_WARN_CONSTANT_CONVERSION = YES;
				CLANG_WARN_DEPRECATED_OBJC_IMPLEMENTATIONS = YES;
				CLANG_WARN_DIRECT_OBJC_ISA_USAGE = YES_ERROR;
				CLANG_WARN_DOCUMENTATION_COMMENTS = YES;
				CLANG_WARN_EMPTY_BODY = YES;
				CLANG_WARN_ENUM_CONVERSION = YES;
				CLANG_WARN_INFINITE_RECURSION = YES;
				CLANG_WARN_INT_CONVERSION = YES;
				CLANG_WARN_NON_LITERAL_NULL_CONVERSION = YES;
				CLANG_WARN_OBJC_IMPLICIT_RETAIN_SELF = YES;
				CLANG_WARN_OBJC_LITERAL_CONVERSION = YES;
				CLANG_WARN_OBJC_ROOT_CLASS = YES_ERROR;
				CLANG_WARN_QUOTED_INCLUDE_IN_FRAMEWORK_HEADER = YES;
				CLANG_WARN_RANGE_LOOP_ANALYSIS = YES;
				CLANG_WARN_STRICT_PROTOTYPES = YES;
				CLANG_WARN_SUSPICIOUS_MOVE = YES;
				CLANG_WARN_UNGUARDED_AVAILABILITY = YES_AGGRESSIVE;
				CLANG_WARN_UNREACHABLE_CODE = YES;
				CLANG_WARN__DUPLICATE_METHOD_MATCH = YES;
				COPY_PHASE_STRIP = NO;
				DEBUG_INFORMATION_FORMAT = dwarf;
				ENABLE_STRICT_OBJC_MSGSEND = YES;
				ENABLE_TESTABILITY = YES;
				GCC_C_LANGUAGE_STANDARD = gnu11;
				GCC_DYNAMIC_NO_PIC = NO;
				GCC_NO_COMMON_BLOCKS = YES;
				GCC_OPTIMIZATION_LEVEL = 0;
				GCC_PREPROCESSOR_DEFINITIONS = (
					"DEBUG=1",
					"$(inherited)",
				);
				GCC_WARN_64_TO_32_BIT_CONVERSION = YES;
				GCC_WARN_ABOUT_RETURN_TYPE = YES_ERROR;
				GCC_WARN_UNDECLARED_SELECTOR = YES;
				GCC_WARN_UNINITIALIZED_AUTOS = YES_AGGRESSIVE;
				GCC_WARN_UNUSED_FUNCTION = YES;
				GCC_WARN_UNUSED_VARIABLE = YES;
				IPHONEOS_DEPLOYMENT_TARGET = 14.5;
				MTL_ENABLE_DEBUG_INFO = INCLUDE_SOURCE;
				MTL_FAST_MATH = YES;
				ONLY_ACTIVE_ARCH = YES;
				SDKROOT = iphoneos;
				SWIFT_ACTIVE_COMPILATION_CONDITIONS = DEBUG;
				SWIFT_OPTIMIZATION_LEVEL = "-Onone";
			};
			name = Debug;
		};
		E5711D0226A5EAD20012B5C5 /* Release */ = {
			isa = XCBuildConfiguration;
			buildSettings = {
				ALWAYS_SEARCH_USER_PATHS = NO;
				CLANG_ANALYZER_NONNULL = YES;
				CLANG_ANALYZER_NUMBER_OBJECT_CONVERSION = YES_AGGRESSIVE;
				CLANG_CXX_LANGUAGE_STANDARD = "gnu++14";
				CLANG_CXX_LIBRARY = "libc++";
				CLANG_ENABLE_MODULES = YES;
				CLANG_ENABLE_OBJC_ARC = YES;
				CLANG_ENABLE_OBJC_WEAK = YES;
				CLANG_WARN_BLOCK_CAPTURE_AUTORELEASING = YES;
				CLANG_WARN_BOOL_CONVERSION = YES;
				CLANG_WARN_COMMA = YES;
				CLANG_WARN_CONSTANT_CONVERSION = YES;
				CLANG_WARN_DEPRECATED_OBJC_IMPLEMENTATIONS = YES;
				CLANG_WARN_DIRECT_OBJC_ISA_USAGE = YES_ERROR;
				CLANG_WARN_DOCUMENTATION_COMMENTS = YES;
				CLANG_WARN_EMPTY_BODY = YES;
				CLANG_WARN_ENUM_CONVERSION = YES;
				CLANG_WARN_INFINITE_RECURSION = YES;
				CLANG_WARN_INT_CONVERSION = YES;
				CLANG_WARN_NON_LITERAL_NULL_CONVERSION = YES;
				CLANG_WARN_OBJC_IMPLICIT_RETAIN_SELF = YES;
				CLANG_WARN_OBJC_LITERAL_CONVERSION = YES;
				CLANG_WARN_OBJC_ROOT_CLASS = YES_ERROR;
				CLANG_WARN_QUOTED_INCLUDE_IN_FRAMEWORK_HEADER = YES;
				CLANG_WARN_RANGE_LOOP_ANALYSIS = YES;
				CLANG_WARN_STRICT_PROTOTYPES = YES;
				CLANG_WARN_SUSPICIOUS_MOVE = YES;
				CLANG_WARN_UNGUARDED_AVAILABILITY = YES_AGGRESSIVE;
				CLANG_WARN_UNREACHABLE_CODE = YES;
				CLANG_WARN__DUPLICATE_METHOD_MATCH = YES;
				COPY_PHASE_STRIP = NO;
				DEBUG_INFORMATION_FORMAT = "dwarf-with-dsym";
				ENABLE_NS_ASSERTIONS = NO;
				ENABLE_STRICT_OBJC_MSGSEND = YES;
				GCC_C_LANGUAGE_STANDARD = gnu11;
				GCC_NO_COMMON_BLOCKS = YES;
				GCC_WARN_64_TO_32_BIT_CONVERSION = YES;
				GCC_WARN_ABOUT_RETURN_TYPE = YES_ERROR;
				GCC_WARN_UNDECLARED_SELECTOR = YES;
				GCC_WARN_UNINITIALIZED_AUTOS = YES_AGGRESSIVE;
				GCC_WARN_UNUSED_FUNCTION = YES;
				GCC_WARN_UNUSED_VARIABLE = YES;
				IPHONEOS_DEPLOYMENT_TARGET = 14.5;
				MTL_ENABLE_DEBUG_INFO = NO;
				MTL_FAST_MATH = YES;
				SDKROOT = iphoneos;
				SWIFT_COMPILATION_MODE = wholemodule;
				SWIFT_OPTIMIZATION_LEVEL = "-O";
				VALIDATE_PRODUCT = YES;
			};
			name = Release;
		};
		E5711D0426A5EAD20012B5C5 /* Debug */ = {
			isa = XCBuildConfiguration;
			buildSettings = {
				ASSETCATALOG_COMPILER_APPICON_NAME = AppIcon;
				ASSETCATALOG_COMPILER_GLOBAL_ACCENT_COLOR_NAME = AccentColor;
				CODE_SIGN_STYLE = Automatic;
				DEVELOPMENT_TEAM = L8ZXWNP3PM;
				INFOPLIST_FILE = CardGame/Info.plist;
				LD_RUNPATH_SEARCH_PATHS = (
					"$(inherited)",
					"@executable_path/Frameworks",
				);
				PRODUCT_BUNDLE_IDENTIFIER = BibisDev.CardGame;
				PRODUCT_NAME = "$(TARGET_NAME)";
				SWIFT_VERSION = 5.0;
				TARGETED_DEVICE_FAMILY = "1,2";
			};
			name = Debug;
		};
		E5711D0526A5EAD20012B5C5 /* Release */ = {
			isa = XCBuildConfiguration;
			buildSettings = {
				ASSETCATALOG_COMPILER_APPICON_NAME = AppIcon;
				ASSETCATALOG_COMPILER_GLOBAL_ACCENT_COLOR_NAME = AccentColor;
				CODE_SIGN_STYLE = Automatic;
				DEVELOPMENT_TEAM = L8ZXWNP3PM;
				INFOPLIST_FILE = CardGame/Info.plist;
				LD_RUNPATH_SEARCH_PATHS = (
					"$(inherited)",
					"@executable_path/Frameworks",
				);
				PRODUCT_BUNDLE_IDENTIFIER = BibisDev.CardGame;
				PRODUCT_NAME = "$(TARGET_NAME)";
				SWIFT_VERSION = 5.0;
				TARGETED_DEVICE_FAMILY = "1,2";
			};
			name = Release;
		};
/* End XCBuildConfiguration section */

/* Begin XCConfigurationList section */
		E5711CEA26A5EACB0012B5C5 /* Build configuration list for PBXProject "CardGame" */ = {
			isa = XCConfigurationList;
			buildConfigurations = (
				E5711D0126A5EAD20012B5C5 /* Debug */,
				E5711D0226A5EAD20012B5C5 /* Release */,
			);
			defaultConfigurationIsVisible = 0;
			defaultConfigurationName = Release;
		};
		E5711D0326A5EAD20012B5C5 /* Build configuration list for PBXNativeTarget "CardGame" */ = {
			isa = XCConfigurationList;
			buildConfigurations = (
				E5711D0426A5EAD20012B5C5 /* Debug */,
				E5711D0526A5EAD20012B5C5 /* Release */,
			);
			defaultConfigurationIsVisible = 0;
			defaultConfigurationName = Release;
		};
/* End XCConfigurationList section */
	};
	rootObject = E5711CE726A5EACB0012B5C5 /* Project object */;
}
